
Microsoft Visual Studio Solution File, Format Version 12.00
# Visual Studio 2013
VisualStudioVersion = 12.0.30110.0
MinimumVisualStudioVersion = 10.0.40219.1
Project("{8BC9CEB8-8B4A-11D0-8D11-00A0C91BC942}") = "AStarMaze", "AStarMaze\AStarMaze.vcxproj", "{3794543A-24F8-46FC-B364-98D0E60B38E6}"
EndProject
Global
	GlobalSection(SolutionConfigurationPlatforms) = preSolution
		Debug|Win32 = Debug|Win32
		Release|Win32 = Release|Win32
	EndGlobalSection
	GlobalSection(ProjectConfigurationPlatforms) = postSolution
		{3794543A-24F8-46FC-B364-98D0E60B38E6}.Debug|Win32.ActiveCfg = Debug|Win32
		{3794543A-24F8-46FC-B364-98D0E60B38E6}.Debug|Win32.Build.0 = Debug|Win32
		{3794543A-24F8-46FC-B364-98D0E60B38E6}.Release|Win32.ActiveCfg = Release|Win32
		{3794543A-24F8-46FC-B364-98D0E60B38E6}.Release|Win32.Build.0 = Release|Win32
	EndGlobalSection
	GlobalSection(SolutionProperties) = preSolution
		HideSolutionNode = FALSE
	EndGlobalSection
EndGlobal
